// !$*UTF8*$!
{
	archiveVersion = 1;
	classes = {
	};
	objectVersion = 50;
	objects = {

/* Begin PBXBuildFile section */
		5B99AE1A267BA8EA00B4EB89 /* AppDelegate.swift in Sources */ = {isa = PBXBuildFile; fileRef = 5B99AE19267BA8EA00B4EB89 /* AppDelegate.swift */; };
		5B99AE1C267BA8EA00B4EB89 /* SceneDelegate.swift in Sources */ = {isa = PBXBuildFile; fileRef = 5B99AE1B267BA8EA00B4EB89 /* SceneDelegate.swift */; };
		5B99AE23267BA8EB00B4EB89 /* Assets.xcassets in Resources */ = {isa = PBXBuildFile; fileRef = 5B99AE22267BA8EB00B4EB89 /* Assets.xcassets */; };
		5B99AE26267BA8EB00B4EB89 /* LaunchScreen.storyboard in Resources */ = {isa = PBXBuildFile; fileRef = 5B99AE24267BA8EB00B4EB89 /* LaunchScreen.storyboard */; };
		5B99AE30267BC86900B4EB89 /* FavoriteSection.swift in Sources */ = {isa = PBXBuildFile; fileRef = 5B99AE2E267BC86900B4EB89 /* FavoriteSection.swift */; };
		5B99AE31267BC86900B4EB89 /* FavoriteSection.xib in Resources */ = {isa = PBXBuildFile; fileRef = 5B99AE2F267BC86900B4EB89 /* FavoriteSection.xib */; };
		5B99AE34267BCC5200B4EB89 /* MainTabBarController.swift in Sources */ = {isa = PBXBuildFile; fileRef = 5B99AE33267BCC5200B4EB89 /* MainTabBarController.swift */; };
		5B99AE36267BDCD700B4EB89 /* Main.storyboard in Resources */ = {isa = PBXBuildFile; fileRef = 5B99AE35267BDCD700B4EB89 /* Main.storyboard */; };
		5B99AE3E267BF3AC00B4EB89 /* MainVC.swift in Sources */ = {isa = PBXBuildFile; fileRef = 5B99AE3C267BF3AC00B4EB89 /* MainVC.swift */; };
		5B99AE3F267BF3AC00B4EB89 /* MainVC.xib in Resources */ = {isa = PBXBuildFile; fileRef = 5B99AE3D267BF3AC00B4EB89 /* MainVC.xib */; };
		5B99AE4A267C1AB500B4EB89 /* FavoritesCell.swift in Sources */ = {isa = PBXBuildFile; fileRef = 5B99AE48267C1AB500B4EB89 /* FavoritesCell.swift */; };
		5B99AE4B267C1AB500B4EB89 /* FavoritesCell.xib in Resources */ = {isa = PBXBuildFile; fileRef = 5B99AE49267C1AB500B4EB89 /* FavoritesCell.xib */; };
		5B99AE4F267C1AD400B4EB89 /* PrincipalCvCell.swift in Sources */ = {isa = PBXBuildFile; fileRef = 5B99AE4D267C1AD400B4EB89 /* PrincipalCvCell.swift */; };
		5B99AE50267C1AD400B4EB89 /* PrincipalCvCell.xib in Resources */ = {isa = PBXBuildFile; fileRef = 5B99AE4E267C1AD400B4EB89 /* PrincipalCvCell.xib */; };
		5B99AE53267C3F8C00B4EB89 /* NetworkService.swift in Sources */ = {isa = PBXBuildFile; fileRef = 5B99AE52267C3F8C00B4EB89 /* NetworkService.swift */; };
		5B99AE55267C48CA00B4EB89 /* NetworkDataFetcher.swift in Sources */ = {isa = PBXBuildFile; fileRef = 5B99AE54267C48CA00B4EB89 /* NetworkDataFetcher.swift */; };
		5B99AE57267C493000B4EB89 /* SearchResults.swift in Sources */ = {isa = PBXBuildFile; fileRef = 5B99AE56267C492F00B4EB89 /* SearchResults.swift */; };
/* End PBXBuildFile section */

/* Begin PBXFileReference section */
		5B99AE16267BA8EA00B4EB89 /* tribalWorldWideProof.app */ = {isa = PBXFileReference; explicitFileType = wrapper.application; includeInIndex = 0; path = tribalWorldWideProof.app; sourceTree = BUILT_PRODUCTS_DIR; };
		5B99AE19267BA8EA00B4EB89 /* AppDelegate.swift */ = {isa = PBXFileReference; lastKnownFileType = sourcecode.swift; path = AppDelegate.swift; sourceTree = "<group>"; };
		5B99AE1B267BA8EA00B4EB89 /* SceneDelegate.swift */ = {isa = PBXFileReference; lastKnownFileType = sourcecode.swift; path = SceneDelegate.swift; sourceTree = "<group>"; };
		5B99AE22267BA8EB00B4EB89 /* Assets.xcassets */ = {isa = PBXFileReference; lastKnownFileType = folder.assetcatalog; path = Assets.xcassets; sourceTree = "<group>"; };
		5B99AE25267BA8EB00B4EB89 /* Base */ = {isa = PBXFileReference; lastKnownFileType = file.storyboard; name = Base; path = Base.lproj/LaunchScreen.storyboard; sourceTree = "<group>"; };
		5B99AE27267BA8EB00B4EB89 /* Info.plist */ = {isa = PBXFileReference; lastKnownFileType = text.plist.xml; path = Info.plist; sourceTree = "<group>"; };
		5B99AE2E267BC86900B4EB89 /* FavoriteSection.swift */ = {isa = PBXFileReference; lastKnownFileType = sourcecode.swift; path = FavoriteSection.swift; sourceTree = "<group>"; };
		5B99AE2F267BC86900B4EB89 /* FavoriteSection.xib */ = {isa = PBXFileReference; lastKnownFileType = file.xib; path = FavoriteSection.xib; sourceTree = "<group>"; };
		5B99AE33267BCC5200B4EB89 /* MainTabBarController.swift */ = {isa = PBXFileReference; lastKnownFileType = sourcecode.swift; path = MainTabBarController.swift; sourceTree = "<group>"; };
		5B99AE35267BDCD700B4EB89 /* Main.storyboard */ = {isa = PBXFileReference; fileEncoding = 4; lastKnownFileType = file.storyboard; path = Main.storyboard; sourceTree = "<group>"; };
		5B99AE3C267BF3AC00B4EB89 /* MainVC.swift */ = {isa = PBXFileReference; lastKnownFileType = sourcecode.swift; path = MainVC.swift; sourceTree = "<group>"; };
		5B99AE3D267BF3AC00B4EB89 /* MainVC.xib */ = {isa = PBXFileReference; lastKnownFileType = file.xib; path = MainVC.xib; sourceTree = "<group>"; };
		5B99AE48267C1AB500B4EB89 /* FavoritesCell.swift */ = {isa = PBXFileReference; lastKnownFileType = sourcecode.swift; path = FavoritesCell.swift; sourceTree = "<group>"; };
		5B99AE49267C1AB500B4EB89 /* FavoritesCell.xib */ = {isa = PBXFileReference; lastKnownFileType = file.xib; path = FavoritesCell.xib; sourceTree = "<group>"; };
		5B99AE4D267C1AD400B4EB89 /* PrincipalCvCell.swift */ = {isa = PBXFileReference; lastKnownFileType = sourcecode.swift; path = PrincipalCvCell.swift; sourceTree = "<group>"; };
		5B99AE4E267C1AD400B4EB89 /* PrincipalCvCell.xib */ = {isa = PBXFileReference; lastKnownFileType = file.xib; path = PrincipalCvCell.xib; sourceTree = "<group>"; };
		5B99AE52267C3F8C00B4EB89 /* NetworkService.swift */ = {isa = PBXFileReference; lastKnownFileType = sourcecode.swift; path = NetworkService.swift; sourceTree = "<group>"; };
		5B99AE54267C48CA00B4EB89 /* NetworkDataFetcher.swift */ = {isa = PBXFileReference; lastKnownFileType = sourcecode.swift; path = NetworkDataFetcher.swift; sourceTree = "<group>"; };
		5B99AE56267C492F00B4EB89 /* SearchResults.swift */ = {isa = PBXFileReference; lastKnownFileType = sourcecode.swift; path = SearchResults.swift; sourceTree = "<group>"; };
/* End PBXFileReference section */

/* Begin PBXFrameworksBuildPhase section */
		5B99AE13267BA8EA00B4EB89 /* Frameworks */ = {
			isa = PBXFrameworksBuildPhase;
			buildActionMask = 2147483647;
			files = (
			);
			runOnlyForDeploymentPostprocessing = 0;
		};
/* End PBXFrameworksBuildPhase section */

/* Begin PBXGroup section */
		5B99AE0D267BA8EA00B4EB89 = {
			isa = PBXGroup;
			children = (
				5B99AE18267BA8EA00B4EB89 /* tribalWorldWideProof */,
				5B99AE17267BA8EA00B4EB89 /* Products */,
			);
			sourceTree = "<group>";
		};
		5B99AE17267BA8EA00B4EB89 /* Products */ = {
			isa = PBXGroup;
			children = (
				5B99AE16267BA8EA00B4EB89 /* tribalWorldWideProof.app */,
			);
			name = Products;
			sourceTree = "<group>";
		};
		5B99AE18267BA8EA00B4EB89 /* tribalWorldWideProof */ = {
			isa = PBXGroup;
			children = (
				5B99AE58267C494100B4EB89 /* Models */,
				5B99AE51267C3F5700B4EB89 /* Services */,
				5B99AE41267BF85200B4EB89 /* Cells */,
				5B99AE40267BF63700B4EB89 /* ViewControllers */,
				5B99AE22267BA8EB00B4EB89 /* Assets.xcassets */,
				5B99AE19267BA8EA00B4EB89 /* AppDelegate.swift */,
				5B99AE1B267BA8EA00B4EB89 /* SceneDelegate.swift */,
				5B99AE24267BA8EB00B4EB89 /* LaunchScreen.storyboard */,
				5B99AE27267BA8EB00B4EB89 /* Info.plist */,
			);
			path = tribalWorldWideProof;
			sourceTree = "<group>";
		};
		5B99AE2D267BC83A00B4EB89 /* FavotiteSection */ = {
			isa = PBXGroup;
			children = (
				5B99AE2E267BC86900B4EB89 /* FavoriteSection.swift */,
				5B99AE2F267BC86900B4EB89 /* FavoriteSection.xib */,
			);
			path = FavotiteSection;
			sourceTree = "<group>";
		};
		5B99AE32267BCC1A00B4EB89 /* TabBarNav */ = {
			isa = PBXGroup;
			children = (
				5B99AE33267BCC5200B4EB89 /* MainTabBarController.swift */,
				5B99AE35267BDCD700B4EB89 /* Main.storyboard */,
			);
			path = TabBarNav;
			sourceTree = "<group>";
		};
		5B99AE37267BF30D00B4EB89 /* MainVC */ = {
			isa = PBXGroup;
			children = (
				5B99AE3C267BF3AC00B4EB89 /* MainVC.swift */,
				5B99AE3D267BF3AC00B4EB89 /* MainVC.xib */,
			);
			name = MainVC;
			path = "MainVÇ";
			sourceTree = "<group>";
		};
		5B99AE40267BF63700B4EB89 /* ViewControllers */ = {
			isa = PBXGroup;
			children = (
				5B99AE2D267BC83A00B4EB89 /* FavotiteSection */,
				5B99AE37267BF30D00B4EB89 /* MainVC */,
				5B99AE32267BCC1A00B4EB89 /* TabBarNav */,
			);
			path = ViewControllers;
			sourceTree = "<group>";
		};
		5B99AE41267BF85200B4EB89 /* Cells */ = {
			isa = PBXGroup;
			children = (
				5B99AE4C267C1AB800B4EB89 /* PrincipalCvCell */,
				5B99AE47267C1A8700B4EB89 /* FavoritesCell */,
			);
			path = Cells;
			sourceTree = "<group>";
		};
		5B99AE47267C1A8700B4EB89 /* FavoritesCell */ = {
			isa = PBXGroup;
			children = (
				5B99AE48267C1AB500B4EB89 /* FavoritesCell.swift */,
				5B99AE49267C1AB500B4EB89 /* FavoritesCell.xib */,
			);
			path = FavoritesCell;
			sourceTree = "<group>";
		};
		5B99AE4C267C1AB800B4EB89 /* PrincipalCvCell */ = {
			isa = PBXGroup;
			children = (
				5B99AE4D267C1AD400B4EB89 /* PrincipalCvCell.swift */,
				5B99AE4E267C1AD400B4EB89 /* PrincipalCvCell.xib */,
			);
			path = PrincipalCvCell;
			sourceTree = "<group>";
		};
		5B99AE51267C3F5700B4EB89 /* Services */ = {
			isa = PBXGroup;
			children = (
				5B99AE52267C3F8C00B4EB89 /* NetworkService.swift */,
				5B99AE54267C48CA00B4EB89 /* NetworkDataFetcher.swift */,
			);
			path = Services;
			sourceTree = "<group>";
		};
		5B99AE58267C494100B4EB89 /* Models */ = {
			isa = PBXGroup;
			children = (
				5B99AE56267C492F00B4EB89 /* SearchResults.swift */,
			);
			path = Models;
			sourceTree = "<group>";
		};
/* End PBXGroup section */

/* Begin PBXNativeTarget section */
		5B99AE15267BA8EA00B4EB89 /* tribalWorldWideProof */ = {
			isa = PBXNativeTarget;
			buildConfigurationList = 5B99AE2A267BA8EB00B4EB89 /* Build configuration list for PBXNativeTarget "tribalWorldWideProof" */;
			buildPhases = (
				5B99AE12267BA8EA00B4EB89 /* Sources */,
				5B99AE13267BA8EA00B4EB89 /* Frameworks */,
				5B99AE14267BA8EA00B4EB89 /* Resources */,
			);
			buildRules = (
			);
			dependencies = (
			);
			name = tribalWorldWideProof;
			productName = tribalWorldWideProof;
			productReference = 5B99AE16267BA8EA00B4EB89 /* tribalWorldWideProof.app */;
			productType = "com.apple.product-type.application";
		};
/* End PBXNativeTarget section */

/* Begin PBXProject section */
		5B99AE0E267BA8EA00B4EB89 /* Project object */ = {
			isa = PBXProject;
			attributes = {
				LastSwiftUpdateCheck = 1250;
				LastUpgradeCheck = 1250;
				TargetAttributes = {
					5B99AE15267BA8EA00B4EB89 = {
						CreatedOnToolsVersion = 12.5;
					};
				};
			};
			buildConfigurationList = 5B99AE11267BA8EA00B4EB89 /* Build configuration list for PBXProject "tribalWorldWideProof" */;
			compatibilityVersion = "Xcode 9.3";
			developmentRegion = en;
			hasScannedForEncodings = 0;
			knownRegions = (
				en,
				Base,
			);
			mainGroup = 5B99AE0D267BA8EA00B4EB89;
			productRefGroup = 5B99AE17267BA8EA00B4EB89 /* Products */;
			projectDirPath = "";
			projectRoot = "";
			targets = (
				5B99AE15267BA8EA00B4EB89 /* tribalWorldWideProof */,
			);
		};
/* End PBXProject section */

/* Begin PBXResourcesBuildPhase section */
		5B99AE14267BA8EA00B4EB89 /* Resources */ = {
			isa = PBXResourcesBuildPhase;
			buildActionMask = 2147483647;
			files = (
				5B99AE50267C1AD400B4EB89 /* PrincipalCvCell.xib in Resources */,
				5B99AE3F267BF3AC00B4EB89 /* MainVC.xib in Resources */,
				5B99AE26267BA8EB00B4EB89 /* LaunchScreen.storyboard in Resources */,
				5B99AE31267BC86900B4EB89 /* FavoriteSection.xib in Resources */,
				5B99AE23267BA8EB00B4EB89 /* Assets.xcassets in Resources */,
				5B99AE36267BDCD700B4EB89 /* Main.storyboard in Resources */,
				5B99AE4B267C1AB500B4EB89 /* FavoritesCell.xib in Resources */,
			);
			runOnlyForDeploymentPostprocessing = 0;
		};
/* End PBXResourcesBuildPhase section */

/* Begin PBXSourcesBuildPhase section */
		5B99AE12267BA8EA00B4EB89 /* Sources */ = {
			isa = PBXSourcesBuildPhase;
			buildActionMask = 2147483647;
			files = (
				5B99AE30267BC86900B4EB89 /* FavoriteSection.swift in Sources */,
				5B99AE4F267C1AD400B4EB89 /* PrincipalCvCell.swift in Sources */,
				5B99AE57267C493000B4EB89 /* SearchResults.swift in Sources */,
				5B99AE53267C3F8C00B4EB89 /* NetworkService.swift in Sources */,
				5B99AE3E267BF3AC00B4EB89 /* MainVC.swift in Sources */,
				5B99AE34267BCC5200B4EB89 /* MainTabBarController.swift in Sources */,
				5B99AE1A267BA8EA00B4EB89 /* AppDelegate.swift in Sources */,
				5B99AE55267C48CA00B4EB89 /* NetworkDataFetcher.swift in Sources */,
				5B99AE1C267BA8EA00B4EB89 /* SceneDelegate.swift in Sources */,
				5B99AE4A267C1AB500B4EB89 /* FavoritesCell.swift in Sources */,
			);
			runOnlyForDeploymentPostprocessing = 0;
		};
/* End PBXSourcesBuildPhase section */

/* Begin PBXVariantGroup section */
		5B99AE24267BA8EB00B4EB89 /* LaunchScreen.storyboard */ = {
			isa = PBXVariantGroup;
			children = (
				5B99AE25267BA8EB00B4EB89 /* Base */,
			);
			name = LaunchScreen.storyboard;
			sourceTree = "<group>";
		};
/* End PBXVariantGroup section */

/* Begin XCBuildConfiguration section */
		5B99AE28267BA8EB00B4EB89 /* Debug */ = {
			isa = XCBuildConfiguration;
			buildSettings = {
				ALWAYS_SEARCH_USER_PATHS = NO;
				CLANG_ANALYZER_NONNULL = YES;
				CLANG_ANALYZER_NUMBER_OBJECT_CONVERSION = YES_AGGRESSIVE;
				CLANG_CXX_LANGUAGE_STANDARD = "gnu++14";
				CLANG_CXX_LIBRARY = "libc++";
				CLANG_ENABLE_MODULES = YES;
				CLANG_ENABLE_OBJC_ARC = YES;
				CLANG_ENABLE_OBJC_WEAK = YES;
				CLANG_WARN_BLOCK_CAPTURE_AUTORELEASING = YES;
				CLANG_WARN_BOOL_CONVERSION = YES;
				CLANG_WARN_COMMA = YES;
				CLANG_WARN_CONSTANT_CONVERSION = YES;
				CLANG_WARN_DEPRECATED_OBJC_IMPLEMENTATIONS = YES;
				CLANG_WARN_DIRECT_OBJC_ISA_USAGE = YES_ERROR;
				CLANG_WARN_DOCUMENTATION_COMMENTS = YES;
				CLANG_WARN_EMPTY_BODY = YES;
				CLANG_WARN_ENUM_CONVERSION = YES;
				CLANG_WARN_INFINITE_RECURSION = YES;
				CLANG_WARN_INT_CONVERSION = YES;
				CLANG_WARN_NON_LITERAL_NULL_CONVERSION = YES;
				CLANG_WARN_OBJC_IMPLICIT_RETAIN_SELF = YES;
				CLANG_WARN_OBJC_LITERAL_CONVERSION = YES;
				CLANG_WARN_OBJC_ROOT_CLASS = YES_ERROR;
				CLANG_WARN_QUOTED_INCLUDE_IN_FRAMEWORK_HEADER = YES;
				CLANG_WARN_RANGE_LOOP_ANALYSIS = YES;
				CLANG_WARN_STRICT_PROTOTYPES = YES;
				CLANG_WARN_SUSPICIOUS_MOVE = YES;
				CLANG_WARN_UNGUARDED_AVAILABILITY = YES_AGGRESSIVE;
				CLANG_WARN_UNREACHABLE_CODE = YES;
				CLANG_WARN__DUPLICATE_METHOD_MATCH = YES;
				COPY_PHASE_STRIP = NO;
				DEBUG_INFORMATION_FORMAT = dwarf;
				ENABLE_STRICT_OBJC_MSGSEND = YES;
				ENABLE_TESTABILITY = YES;
				GCC_C_LANGUAGE_STANDARD = gnu11;
				GCC_DYNAMIC_NO_PIC = NO;
				GCC_NO_COMMON_BLOCKS = YES;
				GCC_OPTIMIZATION_LEVEL = 0;
				GCC_PREPROCESSOR_DEFINITIONS = (
					"DEBUG=1",
					"$(inherited)",
				);
				GCC_WARN_64_TO_32_BIT_CONVERSION = YES;
				GCC_WARN_ABOUT_RETURN_TYPE = YES_ERROR;
				GCC_WARN_UNDECLARED_SELECTOR = YES;
				GCC_WARN_UNINITIALIZED_AUTOS = YES_AGGRESSIVE;
				GCC_WARN_UNUSED_FUNCTION = YES;
				GCC_WARN_UNUSED_VARIABLE = YES;
				IPHONEOS_DEPLOYMENT_TARGET = 14.5;
				MTL_ENABLE_DEBUG_INFO = INCLUDE_SOURCE;
				MTL_FAST_MATH = YES;
				ONLY_ACTIVE_ARCH = YES;
				SDKROOT = iphoneos;
				SWIFT_ACTIVE_COMPILATION_CONDITIONS = DEBUG;
				SWIFT_OPTIMIZATION_LEVEL = "-Onone";
			};
			name = Debug;
		};
		5B99AE29267BA8EB00B4EB89 /* Release */ = {
			isa = XCBuildConfiguration;
			buildSettings = {
				ALWAYS_SEARCH_USER_PATHS = NO;
				CLANG_ANALYZER_NONNULL = YES;
				CLANG_ANALYZER_NUMBER_OBJECT_CONVERSION = YES_AGGRESSIVE;
				CLANG_CXX_LANGUAGE_STANDARD = "gnu++14";
				CLANG_CXX_LIBRARY = "libc++";
				CLANG_ENABLE_MODULES = YES;
				CLANG_ENABLE_OBJC_ARC = YES;
				CLANG_ENABLE_OBJC_WEAK = YES;
				CLANG_WARN_BLOCK_CAPTURE_AUTORELEASING = YES;
				CLANG_WARN_BOOL_CONVERSION = YES;
				CLANG_WARN_COMMA = YES;
				CLANG_WARN_CONSTANT_CONVERSION = YES;
				CLANG_WARN_DEPRECATED_OBJC_IMPLEMENTATIONS = YES;
				CLANG_WARN_DIRECT_OBJC_ISA_USAGE = YES_ERROR;
				CLANG_WARN_DOCUMENTATION_COMMENTS = YES;
				CLANG_WARN_EMPTY_BODY = YES;
				CLANG_WARN_ENUM_CONVERSION = YES;
				CLANG_WARN_INFINITE_RECURSION = YES;
				CLANG_WARN_INT_CONVERSION = YES;
				CLANG_WARN_NON_LITERAL_NULL_CONVERSION = YES;
				CLANG_WARN_OBJC_IMPLICIT_RETAIN_SELF = YES;
				CLANG_WARN_OBJC_LITERAL_CONVERSION = YES;
				CLANG_WARN_OBJC_ROOT_CLASS = YES_ERROR;
				CLANG_WARN_QUOTED_INCLUDE_IN_FRAMEWORK_HEADER = YES;
				CLANG_WARN_RANGE_LOOP_ANALYSIS = YES;
				CLANG_WARN_STRICT_PROTOTYPES = YES;
				CLANG_WARN_SUSPICIOUS_MOVE = YES;
				CLANG_WARN_UNGUARDED_AVAILABILITY = YES_AGGRESSIVE;
				CLANG_WARN_UNREACHABLE_CODE = YES;
				CLANG_WARN__DUPLICATE_METHOD_MATCH = YES;
				COPY_PHASE_STRIP = NO;
				DEBUG_INFORMATION_FORMAT = "dwarf-with-dsym";
				ENABLE_NS_ASSERTIONS = NO;
				ENABLE_STRICT_OBJC_MSGSEND = YES;
				GCC_C_LANGUAGE_STANDARD = gnu11;
				GCC_NO_COMMON_BLOCKS = YES;
				GCC_WARN_64_TO_32_BIT_CONVERSION = YES;
				GCC_WARN_ABOUT_RETURN_TYPE = YES_ERROR;
				GCC_WARN_UNDECLARED_SELECTOR = YES;
				GCC_WARN_UNINITIALIZED_AUTOS = YES_AGGRESSIVE;
				GCC_WARN_UNUSED_FUNCTION = YES;
				GCC_WARN_UNUSED_VARIABLE = YES;
				IPHONEOS_DEPLOYMENT_TARGET = 14.5;
				MTL_ENABLE_DEBUG_INFO = NO;
				MTL_FAST_MATH = YES;
				SDKROOT = iphoneos;
				SWIFT_COMPILATION_MODE = wholemodule;
				SWIFT_OPTIMIZATION_LEVEL = "-O";
				VALIDATE_PRODUCT = YES;
			};
			name = Release;
		};
		5B99AE2B267BA8EB00B4EB89 /* Debug */ = {
			isa = XCBuildConfiguration;
			buildSettings = {
				ASSETCATALOG_COMPILER_APPICON_NAME = AppIcon;
				ASSETCATALOG_COMPILER_GLOBAL_ACCENT_COLOR_NAME = AccentColor;
				CODE_SIGN_STYLE = Automatic;
				DEVELOPMENT_TEAM = "";
				INFOPLIST_FILE = tribalWorldWideProof/Info.plist;
				LD_RUNPATH_SEARCH_PATHS = (
					"$(inherited)",
					"@executable_path/Frameworks",
				);
				PRODUCT_BUNDLE_IDENTIFIER = com.obed.tribalWorldWideProof;
				PRODUCT_NAME = "$(TARGET_NAME)";
				SWIFT_VERSION = 5.0;
				TARGETED_DEVICE_FAMILY = "1,2";
			};
			name = Debug;
		};
		5B99AE2C267BA8EB00B4EB89 /* Release */ = {
			isa = XCBuildConfiguration;
			buildSettings = {
				ASSETCATALOG_COMPILER_APPICON_NAME = AppIcon;
				ASSETCATALOG_COMPILER_GLOBAL_ACCENT_COLOR_NAME = AccentColor;
				CODE_SIGN_STYLE = Automatic;
				DEVELOPMENT_TEAM = "";
				INFOPLIST_FILE = tribalWorldWideProof/Info.plist;
				LD_RUNPATH_SEARCH_PATHS = (
					"$(inherited)",
					"@executable_path/Frameworks",
				);
				PRODUCT_BUNDLE_IDENTIFIER = com.obed.tribalWorldWideProof;
				PRODUCT_NAME = "$(TARGET_NAME)";
				SWIFT_VERSION = 5.0;
				TARGETED_DEVICE_FAMILY = "1,2";
			};
			name = Release;
		};
/* End XCBuildConfiguration section */

/* Begin XCConfigurationList section */
		5B99AE11267BA8EA00B4EB89 /* Build configuration list for PBXProject "tribalWorldWideProof" */ = {
			isa = XCConfigurationList;
			buildConfigurations = (
				5B99AE28267BA8EB00B4EB89 /* Debug */,
				5B99AE29267BA8EB00B4EB89 /* Release */,
			);
			defaultConfigurationIsVisible = 0;
			defaultConfigurationName = Release;
		};
		5B99AE2A267BA8EB00B4EB89 /* Build configuration list for PBXNativeTarget "tribalWorldWideProof" */ = {
			isa = XCConfigurationList;
			buildConfigurations = (
				5B99AE2B267BA8EB00B4EB89 /* Debug */,
				5B99AE2C267BA8EB00B4EB89 /* Release */,
			);
			defaultConfigurationIsVisible = 0;
			defaultConfigurationName = Release;
		};
/* End XCConfigurationList section */
	};
	rootObject = 5B99AE0E267BA8EA00B4EB89 /* Project object */;
}
